{
  "name": "example",
  "lockfileVersion": 2,
  "requires": true,
  "packages": {
    "": {
      "dependencies": {
        "@highoutput/neyar": "file:../dist"
      }
    },
    "../dist": {},
    "../neyar-core/dist": {
      "extraneous": true
    },
    "node_modules/@highoutput/neyar": {
      "resolved": "../dist",
      "link": true
    }
  },
  "dependencies": {
    "@highoutput/neyar": {
      "version": "file:../dist"
    }
  }
}
