{
	"name": "@highoutput/async-group",
	"version": "0.3.6",
	"lockfileVersion": 1,
	"requires": true,
	"dependencies": {
		"@ckeditor/ckeditor5-clipboard": {
			"version": "29.0.0",
			"resolved": "https://registry.npmjs.org/@ckeditor/ckeditor5-clipboard/-/ckeditor5-clipboard-29.0.0.tgz",
			"integrity": "sha512-+5MsD4CE+nKO0wkf/9EIupM3zIbBUqEkWrDs7yXw/kygtJcOzKqAU2TL/TeMrt+sSHjYyLTMAcnDKqkUGcNtPQ==",
			"requires": {
				"@ckeditor/ckeditor5-core": "^29.0.0",
				"@ckeditor/ckeditor5-engine": "^29.0.0",
				"@ckeditor/ckeditor5-utils": "^29.0.0",
				"@ckeditor/ckeditor5-widget": "^29.0.0",
				"lodash-es": "^4.17.11"
			}
		},
		"@ckeditor/ckeditor5-core": {
			"version": "29.0.0",
			"resolved": "https://registry.npmjs.org/@ckeditor/ckeditor5-core/-/ckeditor5-core-29.0.0.tgz",
			"integrity": "sha512-+eSvVDYu5DPBA5PKxZsvjZD++KjvB60XeV82GVQkmrfGeQ13CO8nW/fw4lKQDdmBHEWe7l4XYg6A/lxcezqDqQ==",
			"requires": {
				"@ckeditor/ckeditor5-engine": "^29.0.0",
				"@ckeditor/ckeditor5-ui": "^29.0.0",
				"@ckeditor/ckeditor5-utils": "^29.0.0",
				"lodash-es": "^4.17.15"
			}
		},
		"@ckeditor/ckeditor5-engine": {
			"version": "29.0.0",
			"resolved": "https://registry.npmjs.org/@ckeditor/ckeditor5-engine/-/ckeditor5-engine-29.0.0.tgz",
			"integrity": "sha512-45wLbx3xdkQttJaXoztAhqV58AGH40zCH+ON89qkj1OsRqekjwlAcoi6rpdn70TsZi2fmwHYATz2DEp6S+FCfA==",
			"requires": {
				"@ckeditor/ckeditor5-utils": "^29.0.0",
				"lodash-es": "^4.17.15"
			}
		},
		"@ckeditor/ckeditor5-enter": {
			"version": "29.0.0",
			"resolved": "https://registry.npmjs.org/@ckeditor/ckeditor5-enter/-/ckeditor5-enter-29.0.0.tgz",
			"integrity": "sha512-xjhIFuJlZ69kOKMGDTKQxkrPh5xTKm5AUWMbPo/XTv9OcWjCkfk7X3ZYM95mfuOO8guaP3+I1dB0XSLZG1lqEA==",
			"requires": {
				"@ckeditor/ckeditor5-core": "^29.0.0",
				"@ckeditor/ckeditor5-engine": "^29.0.0",
				"@ckeditor/ckeditor5-utils": "^29.0.0"
			}
		},
		"@ckeditor/ckeditor5-paragraph": {
			"version": "29.0.0",
			"resolved": "https://registry.npmjs.org/@ckeditor/ckeditor5-paragraph/-/ckeditor5-paragraph-29.0.0.tgz",
			"integrity": "sha512-Ny+jYS/VaHZPdk+yPP3pjUrSQoFv9ZnTpoSEzQ/TlIjINAW1b1wAJdBHgeQhYawom1CcUKBFKlCbo1XFoudGkQ==",
			"requires": {
				"@ckeditor/ckeditor5-core": "^29.0.0",
				"@ckeditor/ckeditor5-ui": "^29.0.0",
				"@ckeditor/ckeditor5-utils": "^29.0.0"
			}
		},
		"@ckeditor/ckeditor5-select-all": {
			"version": "29.0.0",
			"resolved": "https://registry.npmjs.org/@ckeditor/ckeditor5-select-all/-/ckeditor5-select-all-29.0.0.tgz",
			"integrity": "sha512-yLcBhgPgZSb9jQKbyzX+920NvC/mxcxfmxbt1yx0MTjR4EMuFSpNQzztQ+rTD1c7gDFNvkxkcoBWJpqpFS+krA==",
			"requires": {
				"@ckeditor/ckeditor5-core": "^29.0.0",
				"@ckeditor/ckeditor5-ui": "^29.0.0",
				"@ckeditor/ckeditor5-utils": "^29.0.0"
			}
		},
		"@ckeditor/ckeditor5-typing": {
			"version": "29.0.0",
			"resolved": "https://registry.npmjs.org/@ckeditor/ckeditor5-typing/-/ckeditor5-typing-29.0.0.tgz",
			"integrity": "sha512-ThWCzDWdQ0vf3S+nikfUP2IkpjCeb+HnnTvMlXwPYNg+eO3VXjQUZCoEEOYEHvJeyJ46FyAqCwOsHuqjUV7BBw==",
			"requires": {
				"@ckeditor/ckeditor5-core": "^29.0.0",
				"@ckeditor/ckeditor5-engine": "^29.0.0",
				"@ckeditor/ckeditor5-utils": "^29.0.0",
				"lodash-es": "^4.17.15"
			}
		},
		"@ckeditor/ckeditor5-ui": {
			"version": "29.0.0",
			"resolved": "https://registry.npmjs.org/@ckeditor/ckeditor5-ui/-/ckeditor5-ui-29.0.0.tgz",
			"integrity": "sha512-b/SKgoSaftGnYhNVitisXUfLAMZOLDKtbLPQf5UdHcNlgg7IFTL5YeC4Ht4EEPLp/pHytUaVmVNDKHD2gWMCuw==",
			"requires": {
				"@ckeditor/ckeditor5-utils": "^29.0.0",
				"ckeditor5": "^29.0.0",
				"lodash-es": "^4.17.15"
			}
		},
		"@ckeditor/ckeditor5-undo": {
			"version": "29.0.0",
			"resolved": "https://registry.npmjs.org/@ckeditor/ckeditor5-undo/-/ckeditor5-undo-29.0.0.tgz",
			"integrity": "sha512-MEG+fpOKHXfcSxa4sYSyFkGdbIrkEDC+R1C2pWmtSBPCxbBaWJVVqUC90NxtYTkeiwPdopMBBqYGVBKF9vXDSg==",
			"requires": {
				"@ckeditor/ckeditor5-core": "^29.0.0",
				"@ckeditor/ckeditor5-engine": "^29.0.0",
				"@ckeditor/ckeditor5-ui": "^29.0.0"
			}
		},
		"@ckeditor/ckeditor5-upload": {
			"version": "29.0.0",
			"resolved": "https://registry.npmjs.org/@ckeditor/ckeditor5-upload/-/ckeditor5-upload-29.0.0.tgz",
			"integrity": "sha512-TG92il7w8erakSWJbKFV2lFwjO7FkKJ94beG6Ifij+X5bpQeyWufccFh8h0OgFb0IFwETxeK+Tu9hB80gjoX1w==",
			"requires": {
				"@ckeditor/ckeditor5-core": "^29.0.0",
				"@ckeditor/ckeditor5-ui": "^29.0.0",
				"@ckeditor/ckeditor5-utils": "^29.0.0"
			}
		},
		"@ckeditor/ckeditor5-utils": {
			"version": "29.0.0",
			"resolved": "https://registry.npmjs.org/@ckeditor/ckeditor5-utils/-/ckeditor5-utils-29.0.0.tgz",
			"integrity": "sha512-D1QRvsu5fxYLiiFvUBsgqOi+0SlbuSo292X3Dl65+hPZY+7physKtfk864Xe3u9UbJvVr5H2Jtle+cO8bsYing==",
			"requires": {
				"lodash-es": "^4.17.15"
			}
		},
		"@ckeditor/ckeditor5-widget": {
			"version": "29.0.0",
			"resolved": "https://registry.npmjs.org/@ckeditor/ckeditor5-widget/-/ckeditor5-widget-29.0.0.tgz",
			"integrity": "sha512-PyIARNUl9V6m1gUmIMO88XWIHP3NwSSgr78i7k8eYiIkb/VMPDS0eI54XHUqwDGR3Fhtvrfg5FUzAXWMJKCmqg==",
			"requires": {
				"@ckeditor/ckeditor5-core": "^29.0.0",
				"@ckeditor/ckeditor5-engine": "^29.0.0",
				"@ckeditor/ckeditor5-enter": "^29.0.0",
				"@ckeditor/ckeditor5-typing": "^29.0.0",
				"@ckeditor/ckeditor5-ui": "^29.0.0",
				"@ckeditor/ckeditor5-utils": "^29.0.0",
				"lodash-es": "^4.17.15"
			}
		},
		"@types/node": {
			"version": "14.11.1",
			"resolved": "https://registry.npmjs.org/@types/node/-/node-14.11.1.tgz",
			"integrity": "sha512-oTQgnd0hblfLsJ6BvJzzSL+Inogp3lq9fGgqRkMB/ziKMgEUaFl801OncOzUmalfzt14N0oPHMK47ipl+wbTIw=="
		},
		"@types/uuid": {
			"version": "3.4.6",
			"resolved": "https://registry.npmjs.org/@types/uuid/-/uuid-3.4.6.tgz",
			"integrity": "sha512-cCdlC/1kGEZdEglzOieLDYBxHsvEOIg7kp/2FYyVR9Pxakq+Qf/inL3RKQ+PA8gOlI/NnL+fXmQH12nwcGzsHw==",
			"dev": true,
			"requires": {
				"@types/node": "*"
			}
		},
		"balanced-match": {
			"version": "1.0.0",
			"resolved": "https://registry.npmjs.org/balanced-match/-/balanced-match-1.0.0.tgz",
			"integrity": "sha1-ibTRmasr7kneFk6gK4nORi1xt2c=",
			"dev": true
		},
		"brace-expansion": {
			"version": "1.1.11",
			"resolved": "https://registry.npmjs.org/brace-expansion/-/brace-expansion-1.1.11.tgz",
			"integrity": "sha512-iCuPHDFgrHX7H2vEI/5xpz07zSHB00TpugqhmYtVmMO6518mCuRMoOYFldEBl0g187ufozdaHgWKcYFb61qGiA==",
			"dev": true,
			"requires": {
				"balanced-match": "^1.0.0",
				"concat-map": "0.0.1"
			}
		},
		"ckeditor5": {
			"version": "29.0.0",
			"resolved": "https://registry.npmjs.org/ckeditor5/-/ckeditor5-29.0.0.tgz",
			"integrity": "sha512-UWI8MuDt1pLvs1hlbaiqF1ovbX87gomDryvnNKxb7dx6nGyjrLMcqZyPH5Kmv4gjw/EgWcwSdHJECTEO5A0Qig==",
			"requires": {
				"@ckeditor/ckeditor5-clipboard": "^29.0.0",
				"@ckeditor/ckeditor5-core": "^29.0.0",
				"@ckeditor/ckeditor5-engine": "^29.0.0",
				"@ckeditor/ckeditor5-enter": "^29.0.0",
				"@ckeditor/ckeditor5-paragraph": "^29.0.0",
				"@ckeditor/ckeditor5-select-all": "^29.0.0",
				"@ckeditor/ckeditor5-typing": "^29.0.0",
				"@ckeditor/ckeditor5-ui": "^29.0.0",
				"@ckeditor/ckeditor5-undo": "^29.0.0",
				"@ckeditor/ckeditor5-upload": "^29.0.0",
				"@ckeditor/ckeditor5-utils": "^29.0.0",
				"@ckeditor/ckeditor5-widget": "^29.0.0"
			}
		},
		"concat-map": {
			"version": "0.0.1",
			"resolved": "https://registry.npmjs.org/concat-map/-/concat-map-0.0.1.tgz",
			"integrity": "sha1-2Klr13/Wjfd5OnMDajug1UBdR3s=",
			"dev": true
		},
		"fs.realpath": {
			"version": "1.0.0",
			"resolved": "https://registry.npmjs.org/fs.realpath/-/fs.realpath-1.0.0.tgz",
			"integrity": "sha1-FQStJSMVjKpA20onh8sBQRmU6k8=",
			"dev": true
		},
		"glob": {
			"version": "7.1.6",
			"resolved": "https://registry.npmjs.org/glob/-/glob-7.1.6.tgz",
			"integrity": "sha512-LwaxwyZ72Lk7vZINtNNrywX0ZuLyStrdDtabefZKAY5ZGJhVtgdznluResxNmPitE0SAO+O26sWTHeKSI2wMBA==",
			"dev": true,
			"requires": {
				"fs.realpath": "^1.0.0",
				"inflight": "^1.0.4",
				"inherits": "2",
				"minimatch": "^3.0.4",
				"once": "^1.3.0",
				"path-is-absolute": "^1.0.0"
			}
		},
		"inflight": {
			"version": "1.0.6",
			"resolved": "https://registry.npmjs.org/inflight/-/inflight-1.0.6.tgz",
			"integrity": "sha1-Sb1jMdfQLQwJvJEKEHW6gWW1bfk=",
			"dev": true,
			"requires": {
				"once": "^1.3.0",
				"wrappy": "1"
			}
		},
		"inherits": {
			"version": "2.0.4",
			"resolved": "https://registry.npmjs.org/inherits/-/inherits-2.0.4.tgz",
			"integrity": "sha512-k/vGaX4/Yla3WzyMCvTQOXYeIHvqOKtnqBduzTHpzpQZzAskKMhZ2K+EnBiSM9zGSoIFeMpXKxa4dYeZIQqewQ==",
			"dev": true
		},
		"lodash-es": {
			"version": "4.17.21",
			"resolved": "https://registry.npmjs.org/lodash-es/-/lodash-es-4.17.21.tgz",
			"integrity": "sha512-mKnC+QJ9pWVzv+C4/U3rRsHapFfHvQFoFB92e52xeyGMcX6/OlIl78je1u8vePzYZSkkogMPJ2yjxxsb89cxyw=="
		},
		"minimatch": {
			"version": "3.0.4",
			"resolved": "https://registry.npmjs.org/minimatch/-/minimatch-3.0.4.tgz",
			"integrity": "sha512-yJHVQEhyqPLUTgt9B83PXu6W3rx4MvvHvSUvToogpwoGDOUQ+yDrR0HRot+yOCdCO7u4hX3pWft6kWBBcqh0UA==",
			"dev": true,
			"requires": {
				"brace-expansion": "^1.1.7"
			}
		},
		"once": {
			"version": "1.4.0",
			"resolved": "https://registry.npmjs.org/once/-/once-1.4.0.tgz",
			"integrity": "sha1-WDsap3WWHUsROsF9nFC6753Xa9E=",
			"dev": true,
			"requires": {
				"wrappy": "1"
			}
		},
		"path-is-absolute": {
			"version": "1.0.1",
			"resolved": "https://registry.npmjs.org/path-is-absolute/-/path-is-absolute-1.0.1.tgz",
			"integrity": "sha1-F0uSaHNVNP+8es5r9TpanhtcX18=",
			"dev": true
		},
		"rimraf": {
			"version": "3.0.0",
			"resolved": "https://registry.npmjs.org/rimraf/-/rimraf-3.0.0.tgz",
			"integrity": "sha512-NDGVxTsjqfunkds7CqsOiEnxln4Bo7Nddl3XhS4pXg5OzwkLqJ971ZVAAnB+DDLnF76N+VnDEiBHaVV8I06SUg==",
			"dev": true,
			"requires": {
				"glob": "^7.1.3"
			}
		},
		"typescript": {
			"version": "3.9.3",
			"resolved": "https://registry.npmjs.org/typescript/-/typescript-3.9.3.tgz",
			"integrity": "sha512-D/wqnB2xzNFIcoBG9FG8cXRDjiqSTbG2wd8DMZeQyJlP1vfTkIxH4GKveWaEBYySKIg+USu+E+EDIR47SqnaMQ==",
			"dev": true
		},
		"uuid": {
			"version": "3.4.0",
			"resolved": "https://registry.npmjs.org/uuid/-/uuid-3.4.0.tgz",
			"integrity": "sha512-HjSDRw6gZE5JMggctHBcjVak08+KEVhSIiDzFnT9S9aegmp85S/bReBVTb4QTFaRNptJ9kuYaNhnbNEOkbKb/A=="
		},
		"wrappy": {
			"version": "1.0.2",
			"resolved": "https://registry.npmjs.org/wrappy/-/wrappy-1.0.2.tgz",
			"integrity": "sha1-tSQ9jz7BqjXxNkYFvA0QNuMKtp8=",
			"dev": true
		}
	}
}
